
Microsoft Visual Studio Solution File, Format Version 12.00
# Visual Studio Version 17
VisualStudioVersion = 17.7.34003.232
MinimumVisualStudioVersion = 10.0.40219.1
Project("{9A19103F-16F7-4668-BE54-9A1E7A4F7556}") = "API", "API\API.csproj", "{8CEBDC77-F646-434B-A3E2-ED8914517E9B}"
EndProject
Project("{9A19103F-16F7-4668-BE54-9A1E7A4F7556}") = "DataAccess", "DataAccess\DataAccess.csproj", "{5E7DD705-82CA-41BC-957A-0E3979C1B71F}"
EndProject
Project("{9A19103F-16F7-4668-BE54-9A1E7A4F7556}") = "Services", "Services\Services.csproj", "{F6CE27FF-91BD-461D-8F79-A196972C1B67}"
EndProject
Project("{2150E333-8FDC-42A3-9474-1A3956D46DE8}") = "Solution Items", "Solution Items", "{E2AA7296-F1C7-4E1C-80B4-1A23DE278BBE}"
	ProjectSection(SolutionItems) = preProject
		.editorconfig = .editorconfig
	EndProjectSection
EndProject
Global
	GlobalSection(SolutionConfigurationPlatforms) = preSolution
		Debug|Any CPU = Debug|Any CPU
		Release|Any CPU = Release|Any CPU
	EndGlobalSection
	GlobalSection(ProjectConfigurationPlatforms) = postSolution
		{8CEBDC77-F646-434B-A3E2-ED8914517E9B}.Debug|Any CPU.ActiveCfg = Debug|Any CPU
		{8CEBDC77-F646-434B-A3E2-ED8914517E9B}.Debug|Any CPU.Build.0 = Debug|Any CPU
		{8CEBDC77-F646-434B-A3E2-ED8914517E9B}.Release|Any CPU.ActiveCfg = Release|Any CPU
		{8CEBDC77-F646-434B-A3E2-ED8914517E9B}.Release|Any CPU.Build.0 = Release|Any CPU
		{5E7DD705-82CA-41BC-957A-0E3979C1B71F}.Debug|Any CPU.ActiveCfg = Debug|Any CPU
		{5E7DD705-82CA-41BC-957A-0E3979C1B71F}.Debug|Any CPU.Build.0 = Debug|Any CPU
		{5E7DD705-82CA-41BC-957A-0E3979C1B71F}.Release|Any CPU.ActiveCfg = Release|Any CPU
		{5E7DD705-82CA-41BC-957A-0E3979C1B71F}.Release|Any CPU.Build.0 = Release|Any CPU
		{F6CE27FF-91BD-461D-8F79-A196972C1B67}.Debug|Any CPU.ActiveCfg = Debug|Any CPU
		{F6CE27FF-91BD-461D-8F79-A196972C1B67}.Debug|Any CPU.Build.0 = Debug|Any CPU
		{F6CE27FF-91BD-461D-8F79-A196972C1B67}.Release|Any CPU.ActiveCfg = Release|Any CPU
		{F6CE27FF-91BD-461D-8F79-A196972C1B67}.Release|Any CPU.Build.0 = Release|Any CPU
	EndGlobalSection
	GlobalSection(SolutionProperties) = preSolution
		HideSolutionNode = FALSE
	EndGlobalSection
	GlobalSection(ExtensibilityGlobals) = postSolution
		SolutionGuid = {7A35DD4D-2ECA-42BE-B80C-E7B157CAF9AB}
	EndGlobalSection
EndGlobal
