
Microsoft Visual Studio Solution File, Format Version 12.00
# Visual Studio Version 17
VisualStudioVersion = 17.2.32505.173
MinimumVisualStudioVersion = 10.0.40219.1
Project("{FAE04EC0-301F-11D3-BF4B-00C04F79EFBC}") = "hospital-system", "hospital-system\hospital-system.csproj", "{CFC1DD0C-1060-402D-A366-15820744F490}"
EndProject
Global
	GlobalSection(SolutionConfigurationPlatforms) = preSolution
		Debug|Any CPU = Debug|Any CPU
		Release|Any CPU = Release|Any CPU
	EndGlobalSection
	GlobalSection(ProjectConfigurationPlatforms) = postSolution
		{CFC1DD0C-1060-402D-A366-15820744F490}.Debug|Any CPU.ActiveCfg = Debug|Any CPU
		{CFC1DD0C-1060-402D-A366-15820744F490}.Debug|Any CPU.Build.0 = Debug|Any CPU
		{CFC1DD0C-1060-402D-A366-15820744F490}.Release|Any CPU.ActiveCfg = Release|Any CPU
		{CFC1DD0C-1060-402D-A366-15820744F490}.Release|Any CPU.Build.0 = Release|Any CPU
	EndGlobalSection
	GlobalSection(SolutionProperties) = preSolution
		HideSolutionNode = FALSE
	EndGlobalSection
	GlobalSection(ExtensibilityGlobals) = postSolution
		SolutionGuid = {6BD9AB09-4CFF-448F-B476-0D1306566B8B}
	EndGlobalSection
EndGlobal
